
Microsoft Visual Studio Solution File, Format Version 12.00
# Visual Studio 15
VisualStudioVersion = 15.0.28307.1300
MinimumVisualStudioVersion = 10.0.40219.1
Project("{FAE04EC0-301F-11D3-BF4B-00C04F79EFBC}") = "toDoApp", "toDoApp\toDoApp.csproj", "{284D4925-69AE-4E3B-BC9B-04A4360F9EAB}"
EndProject
Global
	GlobalSection(SolutionConfigurationPlatforms) = preSolution
		Debug|Any CPU = Debug|Any CPU
		Release|Any CPU = Release|Any CPU
	EndGlobalSection
	GlobalSection(ProjectConfigurationPlatforms) = postSolution
		{284D4925-69AE-4E3B-BC9B-04A4360F9EAB}.Debug|Any CPU.ActiveCfg = Debug|Any CPU
		{284D4925-69AE-4E3B-BC9B-04A4360F9EAB}.Debug|Any CPU.Build.0 = Debug|Any CPU
		{284D4925-69AE-4E3B-BC9B-04A4360F9EAB}.Release|Any CPU.ActiveCfg = Release|Any CPU
		{284D4925-69AE-4E3B-BC9B-04A4360F9EAB}.Release|Any CPU.Build.0 = Release|Any CPU
	EndGlobalSection
	GlobalSection(SolutionProperties) = preSolution
		HideSolutionNode = FALSE
	EndGlobalSection
	GlobalSection(ExtensibilityGlobals) = postSolution
		SolutionGuid = {3027EB8E-A453-4FF6-8AAB-16544E0F3966}
	EndGlobalSection
EndGlobal
